
Microsoft Visual Studio Solution File, Format Version 12.00
# Visual Studio Version 16
VisualStudioVersion = 16.0.32802.440
MinimumVisualStudioVersion = 10.0.40219.1
Project("{FAE04EC0-301F-11D3-BF4B-00C04F79EFBC}") = "BookStoreAPIClientCMS", "BookStoreAPIClientCMS.csproj", "{7C31D944-AD98-4C0B-A016-6BFC2D39E2CF}"
EndProject
Global
	GlobalSection(SolutionConfigurationPlatforms) = preSolution
		Debug|Any CPU = Debug|Any CPU
		Release|Any CPU = Release|Any CPU
	EndGlobalSection
	GlobalSection(ProjectConfigurationPlatforms) = postSolution
		{7C31D944-AD98-4C0B-A016-6BFC2D39E2CF}.Debug|Any CPU.ActiveCfg = Debug|Any CPU
		{7C31D944-AD98-4C0B-A016-6BFC2D39E2CF}.Debug|Any CPU.Build.0 = Debug|Any CPU
		{7C31D944-AD98-4C0B-A016-6BFC2D39E2CF}.Release|Any CPU.ActiveCfg = Release|Any CPU
		{7C31D944-AD98-4C0B-A016-6BFC2D39E2CF}.Release|Any CPU.Build.0 = Release|Any CPU
	EndGlobalSection
	GlobalSection(SolutionProperties) = preSolution
		HideSolutionNode = FALSE
	EndGlobalSection
	GlobalSection(ExtensibilityGlobals) = postSolution
		SolutionGuid = {8765DFD8-B12B-4DFF-B4EC-E8124F37CFBF}
	EndGlobalSection
EndGlobal
